
Microsoft Visual Studio Solution File, Format Version 12.00
# Visual Studio Version 16
VisualStudioVersion = 16.0.29102.190
MinimumVisualStudioVersion = 10.0.40219.1
Project("{FAE04EC0-301F-11D3-BF4B-00C04F79EFBC}") = "FEH Data Extractor", "FEHDataExtractor\FEH Data Extractor.csproj", "{9C07FED7-1041-4AAF-A981-C07A157CEF0F}"
EndProject
Project("{2150E333-8FDC-42A3-9474-1A3956D46DE8}") = "Dependencies", "Dependencies", "{E6C13468-2BBD-48BA-B6EA-29F03A58F095}"
EndProject
Project("{9A19103F-16F7-4668-BE54-9A1E7A4F7556}") = "FEH Data Extractor CLI", "FEHDataExtractor CLI\FEH Data Extractor CLI.csproj", "{7919C400-7187-4C71-B8E0-8100FD218EB7}"
EndProject
Project("{9A19103F-16F7-4668-BE54-9A1E7A4F7556}") = "FEHDataExtractorLib", "FEHDataExtractorLib\FEHDataExtractorLib.csproj", "{44477C58-CF01-4416-80AF-BEE416F32194}"
EndProject
Project("{9A19103F-16F7-4668-BE54-9A1E7A4F7556}") = "FEH Data Downloader", "FEHDataDownloader\FEH Data Downloader.csproj", "{1FFDBA3A-FF05-45D6-A6D0-CC98132BFB39}"
EndProject
Project("{FAE04EC0-301F-11D3-BF4B-00C04F79EFBC}") = "FEH Hero Visualizer", "FEHHeroVisualizer\FEH Hero Visualizer.csproj", "{B6E042F0-4A20-42D7-A5B6-4385BA4D95B0}"
EndProject
Global
	GlobalSection(SolutionConfigurationPlatforms) = preSolution
		Debug|Any CPU = Debug|Any CPU
		Release|Any CPU = Release|Any CPU
	EndGlobalSection
	GlobalSection(ProjectConfigurationPlatforms) = postSolution
		{9C07FED7-1041-4AAF-A981-C07A157CEF0F}.Debug|Any CPU.ActiveCfg = Debug|Any CPU
		{9C07FED7-1041-4AAF-A981-C07A157CEF0F}.Debug|Any CPU.Build.0 = Debug|Any CPU
		{9C07FED7-1041-4AAF-A981-C07A157CEF0F}.Release|Any CPU.ActiveCfg = Release|Any CPU
		{9C07FED7-1041-4AAF-A981-C07A157CEF0F}.Release|Any CPU.Build.0 = Release|Any CPU
		{7919C400-7187-4C71-B8E0-8100FD218EB7}.Debug|Any CPU.ActiveCfg = Debug|Any CPU
		{7919C400-7187-4C71-B8E0-8100FD218EB7}.Debug|Any CPU.Build.0 = Debug|Any CPU
		{7919C400-7187-4C71-B8E0-8100FD218EB7}.Release|Any CPU.ActiveCfg = Release|Any CPU
		{7919C400-7187-4C71-B8E0-8100FD218EB7}.Release|Any CPU.Build.0 = Release|Any CPU
		{44477C58-CF01-4416-80AF-BEE416F32194}.Debug|Any CPU.ActiveCfg = Debug|Any CPU
		{44477C58-CF01-4416-80AF-BEE416F32194}.Debug|Any CPU.Build.0 = Debug|Any CPU
		{44477C58-CF01-4416-80AF-BEE416F32194}.Release|Any CPU.ActiveCfg = Release|Any CPU
		{44477C58-CF01-4416-80AF-BEE416F32194}.Release|Any CPU.Build.0 = Release|Any CPU
		{1FFDBA3A-FF05-45D6-A6D0-CC98132BFB39}.Debug|Any CPU.ActiveCfg = Debug|Any CPU
		{1FFDBA3A-FF05-45D6-A6D0-CC98132BFB39}.Debug|Any CPU.Build.0 = Debug|Any CPU
		{1FFDBA3A-FF05-45D6-A6D0-CC98132BFB39}.Release|Any CPU.ActiveCfg = Release|Any CPU
		{1FFDBA3A-FF05-45D6-A6D0-CC98132BFB39}.Release|Any CPU.Build.0 = Release|Any CPU
		{B6E042F0-4A20-42D7-A5B6-4385BA4D95B0}.Debug|Any CPU.ActiveCfg = Debug|Any CPU
		{B6E042F0-4A20-42D7-A5B6-4385BA4D95B0}.Debug|Any CPU.Build.0 = Debug|Any CPU
		{B6E042F0-4A20-42D7-A5B6-4385BA4D95B0}.Release|Any CPU.ActiveCfg = Release|Any CPU
		{B6E042F0-4A20-42D7-A5B6-4385BA4D95B0}.Release|Any CPU.Build.0 = Release|Any CPU
	EndGlobalSection
	GlobalSection(SolutionProperties) = preSolution
		HideSolutionNode = FALSE
	EndGlobalSection
	GlobalSection(NestedProjects) = preSolution
		{44477C58-CF01-4416-80AF-BEE416F32194} = {E6C13468-2BBD-48BA-B6EA-29F03A58F095}
	EndGlobalSection
	GlobalSection(ExtensibilityGlobals) = postSolution
		SolutionGuid = {5529AE9B-8670-4DD8-8062-D2B9C493CA41}
	EndGlobalSection
EndGlobal
